
Microsoft Visual Studio Solution File, Format Version 12.00
# Visual Studio Version 17
VisualStudioVersion = 17.14.36414.22 d17.14
MinimumVisualStudioVersion = 10.0.40219.1
Project("{FAE04EC0-301F-11D3-BF4B-00C04F79EFBC}") = "WpfApp3", "WpfApp3\WpfApp3.csproj", "{EAC67EE6-D490-477F-AD16-D0B8ABA40947}"
EndProject
Global
	GlobalSection(SolutionConfigurationPlatforms) = preSolution
		Debug|Any CPU = Debug|Any CPU
		Release|Any CPU = Release|Any CPU
	EndGlobalSection
	GlobalSection(ProjectConfigurationPlatforms) = postSolution
		{EAC67EE6-D490-477F-AD16-D0B8ABA40947}.Debug|Any CPU.ActiveCfg = Debug|Any CPU
		{EAC67EE6-D490-477F-AD16-D0B8ABA40947}.Debug|Any CPU.Build.0 = Debug|Any CPU
		{EAC67EE6-D490-477F-AD16-D0B8ABA40947}.Release|Any CPU.ActiveCfg = Release|Any CPU
		{EAC67EE6-D490-477F-AD16-D0B8ABA40947}.Release|Any CPU.Build.0 = Release|Any CPU
	EndGlobalSection
	GlobalSection(SolutionProperties) = preSolution
		HideSolutionNode = FALSE
	EndGlobalSection
	GlobalSection(ExtensibilityGlobals) = postSolution
		SolutionGuid = {AE4E484A-03ED-4D14-ADE3-48BF3FC2278B}
	EndGlobalSection
EndGlobal
